
Microsoft Visual Studio Solution File, Format Version 12.00
# Visual Studio Version 17
VisualStudioVersion = 17.0.31903.59
MinimumVisualStudioVersion = 10.0.40219.1
Project("{9A19103F-16F7-4668-BE54-9A1E7A4F7556}") = "TWebApplication1", "TWebApplication1\TWebApplication1.csproj", "{86D9C1E7-2E2C-4A7A-BFE5-54B748376BBD}"
EndProject
Project("{9A19103F-16F7-4668-BE54-9A1E7A4F7556}") = "ConsoleApp1Firma", "ConsoleApp1Firma\ConsoleApp1Firma.csproj", "{0B3054D5-B3D6-4C74-8C2A-C7305E438B91}"
EndProject
Project("{FAE04EC0-301F-11D3-BF4B-00C04F79EFBC}") = "SignTest", "SignTest\SignTest.csproj", "{917C9EA5-04B7-4389-9AF2-7E8981EA6CF9}"
EndProject
Global
	GlobalSection(SolutionConfigurationPlatforms) = preSolution
		Debug|Any CPU = Debug|Any CPU
		Release|Any CPU = Release|Any CPU
	EndGlobalSection
	GlobalSection(ProjectConfigurationPlatforms) = postSolution
		{86D9C1E7-2E2C-4A7A-BFE5-54B748376BBD}.Debug|Any CPU.ActiveCfg = Debug|Any CPU
		{86D9C1E7-2E2C-4A7A-BFE5-54B748376BBD}.Debug|Any CPU.Build.0 = Debug|Any CPU
		{86D9C1E7-2E2C-4A7A-BFE5-54B748376BBD}.Release|Any CPU.ActiveCfg = Release|Any CPU
		{86D9C1E7-2E2C-4A7A-BFE5-54B748376BBD}.Release|Any CPU.Build.0 = Release|Any CPU
		{0B3054D5-B3D6-4C74-8C2A-C7305E438B91}.Debug|Any CPU.ActiveCfg = Debug|Any CPU
		{0B3054D5-B3D6-4C74-8C2A-C7305E438B91}.Debug|Any CPU.Build.0 = Debug|Any CPU
		{0B3054D5-B3D6-4C74-8C2A-C7305E438B91}.Release|Any CPU.ActiveCfg = Release|Any CPU
		{0B3054D5-B3D6-4C74-8C2A-C7305E438B91}.Release|Any CPU.Build.0 = Release|Any CPU
		{917C9EA5-04B7-4389-9AF2-7E8981EA6CF9}.Debug|Any CPU.ActiveCfg = Debug|Any CPU
		{917C9EA5-04B7-4389-9AF2-7E8981EA6CF9}.Debug|Any CPU.Build.0 = Debug|Any CPU
		{917C9EA5-04B7-4389-9AF2-7E8981EA6CF9}.Release|Any CPU.ActiveCfg = Release|Any CPU
		{917C9EA5-04B7-4389-9AF2-7E8981EA6CF9}.Release|Any CPU.Build.0 = Release|Any CPU
	EndGlobalSection
	GlobalSection(SolutionProperties) = preSolution
		HideSolutionNode = FALSE
	EndGlobalSection
	GlobalSection(ExtensibilityGlobals) = postSolution
		SolutionGuid = {9EED8D6D-FF4C-4260-B87E-3A27A223914D}
	EndGlobalSection
EndGlobal
